// !$*UTF8*$!
{
	archiveVersion = 1;
	classes = {
	};
	objectVersion = 55;
	objects = {

/* Begin PBXBuildFile section */
		814510F927C14D4A00FB3B4D /* SortNumbersView.swift in Sources */ = {isa = PBXBuildFile; fileRef = 814510F827C14D4A00FB3B4D /* SortNumbersView.swift */; };
		814510FE27C1522400FB3B4D /* ContentView.swift in Sources */ = {isa = PBXBuildFile; fileRef = 814510FD27C1522400FB3B4D /* ContentView.swift */; };
		81F12DA027C0186A00850E2F /* EdutainmentApp.swift in Sources */ = {isa = PBXBuildFile; fileRef = 81F12D9F27C0186A00850E2F /* EdutainmentApp.swift */; };
		81F12DA427C0186B00850E2F /* Assets.xcassets in Resources */ = {isa = PBXBuildFile; fileRef = 81F12DA327C0186B00850E2F /* Assets.xcassets */; };
		81F12DA727C0186B00850E2F /* Preview Assets.xcassets in Resources */ = {isa = PBXBuildFile; fileRef = 81F12DA627C0186B00850E2F /* Preview Assets.xcassets */; };
		81F12DB027C020C400850E2F /* OnboardingView.swift in Sources */ = {isa = PBXBuildFile; fileRef = 81F12DAF27C020C400850E2F /* OnboardingView.swift */; };
		81F12DB227C0218B00850E2F /* MultiplicationSelectionView.swift in Sources */ = {isa = PBXBuildFile; fileRef = 81F12DB127C0218B00850E2F /* MultiplicationSelectionView.swift */; };
		81F12DB427C0260400850E2F /* MultiplicationIcon.swift in Sources */ = {isa = PBXBuildFile; fileRef = 81F12DB327C0260400850E2F /* MultiplicationIcon.swift */; };
		81F12DB727C026DA00850E2F /* Color.swift in Sources */ = {isa = PBXBuildFile; fileRef = 81F12DB627C026DA00850E2F /* Color.swift */; };
		81F12DBA27C039D800850E2F /* ContentModel.swift in Sources */ = {isa = PBXBuildFile; fileRef = 81F12DB927C039D800850E2F /* ContentModel.swift */; };
		81F12DBD27C03DDF00850E2F /* ContinueLabel.swift in Sources */ = {isa = PBXBuildFile; fileRef = 81F12DBC27C03DDF00850E2F /* ContinueLabel.swift */; };
		81F12DC227C0413100850E2F /* Enums & Structs.swift in Sources */ = {isa = PBXBuildFile; fileRef = 81F12DC127C0413100850E2F /* Enums & Structs.swift */; };
		81F12DC427C05C4C00850E2F /* LogoTitleView.swift in Sources */ = {isa = PBXBuildFile; fileRef = 81F12DC327C05C4C00850E2F /* LogoTitleView.swift */; };
		81F12DC627C05D3800850E2F /* LevelSelectionView.swift in Sources */ = {isa = PBXBuildFile; fileRef = 81F12DC527C05D3800850E2F /* LevelSelectionView.swift */; };
		81F12DC827C05DFD00850E2F /* LevelButton.swift in Sources */ = {isa = PBXBuildFile; fileRef = 81F12DC727C05DFD00850E2F /* LevelButton.swift */; };
/* End PBXBuildFile section */

/* Begin PBXFileReference section */
		814510F827C14D4A00FB3B4D /* SortNumbersView.swift */ = {isa = PBXFileReference; lastKnownFileType = sourcecode.swift; path = SortNumbersView.swift; sourceTree = "<group>"; };
		814510FD27C1522400FB3B4D /* ContentView.swift */ = {isa = PBXFileReference; lastKnownFileType = sourcecode.swift; path = ContentView.swift; sourceTree = "<group>"; };
		81F12D9C27C0186A00850E2F /* Edutainment.app */ = {isa = PBXFileReference; explicitFileType = wrapper.application; includeInIndex = 0; path = Edutainment.app; sourceTree = BUILT_PRODUCTS_DIR; };
		81F12D9F27C0186A00850E2F /* EdutainmentApp.swift */ = {isa = PBXFileReference; lastKnownFileType = sourcecode.swift; path = EdutainmentApp.swift; sourceTree = "<group>"; };
		81F12DA327C0186B00850E2F /* Assets.xcassets */ = {isa = PBXFileReference; lastKnownFileType = folder.assetcatalog; path = Assets.xcassets; sourceTree = "<group>"; };
		81F12DA627C0186B00850E2F /* Preview Assets.xcassets */ = {isa = PBXFileReference; lastKnownFileType = folder.assetcatalog; path = "Preview Assets.xcassets"; sourceTree = "<group>"; };
		81F12DAF27C020C400850E2F /* OnboardingView.swift */ = {isa = PBXFileReference; lastKnownFileType = sourcecode.swift; path = OnboardingView.swift; sourceTree = "<group>"; };
		81F12DB127C0218B00850E2F /* MultiplicationSelectionView.swift */ = {isa = PBXFileReference; lastKnownFileType = sourcecode.swift; path = MultiplicationSelectionView.swift; sourceTree = "<group>"; };
		81F12DB327C0260400850E2F /* MultiplicationIcon.swift */ = {isa = PBXFileReference; lastKnownFileType = sourcecode.swift; path = MultiplicationIcon.swift; sourceTree = "<group>"; };
		81F12DB627C026DA00850E2F /* Color.swift */ = {isa = PBXFileReference; lastKnownFileType = sourcecode.swift; path = Color.swift; sourceTree = "<group>"; };
		81F12DB927C039D800850E2F /* ContentModel.swift */ = {isa = PBXFileReference; lastKnownFileType = sourcecode.swift; path = ContentModel.swift; sourceTree = "<group>"; };
		81F12DBC27C03DDF00850E2F /* ContinueLabel.swift */ = {isa = PBXFileReference; lastKnownFileType = sourcecode.swift; path = ContinueLabel.swift; sourceTree = "<group>"; };
		81F12DC127C0413100850E2F /* Enums & Structs.swift */ = {isa = PBXFileReference; lastKnownFileType = sourcecode.swift; path = "Enums & Structs.swift"; sourceTree = "<group>"; };
		81F12DC327C05C4C00850E2F /* LogoTitleView.swift */ = {isa = PBXFileReference; lastKnownFileType = sourcecode.swift; path = LogoTitleView.swift; sourceTree = "<group>"; };
		81F12DC527C05D3800850E2F /* LevelSelectionView.swift */ = {isa = PBXFileReference; lastKnownFileType = sourcecode.swift; path = LevelSelectionView.swift; sourceTree = "<group>"; };
		81F12DC727C05DFD00850E2F /* LevelButton.swift */ = {isa = PBXFileReference; lastKnownFileType = sourcecode.swift; path = LevelButton.swift; sourceTree = "<group>"; };
/* End PBXFileReference section */

/* Begin PBXFrameworksBuildPhase section */
		81F12D9927C0186A00850E2F /* Frameworks */ = {
			isa = PBXFrameworksBuildPhase;
			buildActionMask = 2147483647;
			files = (
			);
			runOnlyForDeploymentPostprocessing = 0;
		};
/* End PBXFrameworksBuildPhase section */

/* Begin PBXGroup section */
		814510F727C14B8600FB3B4D /* Game */ = {
			isa = PBXGroup;
			children = (
				814510FD27C1522400FB3B4D /* ContentView.swift */,
				8145110427C1913300FB3B4D /* ArrangeNumbers */,
			);
			path = Game;
			sourceTree = "<group>";
		};
		814510FF27C1872C00FB3B4D /* Models */ = {
			isa = PBXGroup;
			children = (
			);
			path = Models;
			sourceTree = "<group>";
		};
		8145110427C1913300FB3B4D /* ArrangeNumbers */ = {
			isa = PBXGroup;
			children = (
				814510F827C14D4A00FB3B4D /* SortNumbersView.swift */,
			);
			path = ArrangeNumbers;
			sourceTree = "<group>";
		};
		81F12D9327C0186A00850E2F = {
			isa = PBXGroup;
			children = (
				81F12D9E27C0186A00850E2F /* Edutainment */,
				81F12D9D27C0186A00850E2F /* Products */,
			);
			sourceTree = "<group>";
		};
		81F12D9D27C0186A00850E2F /* Products */ = {
			isa = PBXGroup;
			children = (
				81F12D9C27C0186A00850E2F /* Edutainment.app */,
			);
			name = Products;
			sourceTree = "<group>";
		};
		81F12D9E27C0186A00850E2F /* Edutainment */ = {
			isa = PBXGroup;
			children = (
				81F12D9F27C0186A00850E2F /* EdutainmentApp.swift */,
				81F12DC027C0411A00850E2F /* Helpers */,
				81F12DB527C026CB00850E2F /* Extensions */,
				814510FF27C1872C00FB3B4D /* Models */,
				81F12DB827C039A800850E2F /* ViewModels */,
				81F12DAD27C0208300850E2F /* Views */,
				81F12DA327C0186B00850E2F /* Assets.xcassets */,
				81F12DA527C0186B00850E2F /* Preview Content */,
			);
			path = Edutainment;
			sourceTree = "<group>";
		};
		81F12DA527C0186B00850E2F /* Preview Content */ = {
			isa = PBXGroup;
			children = (
				81F12DA627C0186B00850E2F /* Preview Assets.xcassets */,
			);
			path = "Preview Content";
			sourceTree = "<group>";
		};
		81F12DAD27C0208300850E2F /* Views */ = {
			isa = PBXGroup;
			children = (
				81F12DAE27C0209000850E2F /* Onboarding */,
				814510F727C14B8600FB3B4D /* Game */,
			);
			path = Views;
			sourceTree = "<group>";
		};
		81F12DAE27C0209000850E2F /* Onboarding */ = {
			isa = PBXGroup;
			children = (
				81F12DAF27C020C400850E2F /* OnboardingView.swift */,
				81F12DB127C0218B00850E2F /* MultiplicationSelectionView.swift */,
				81F12DC527C05D3800850E2F /* LevelSelectionView.swift */,
				81F12DBB27C03DCB00850E2F /* Common */,
			);
			path = Onboarding;
			sourceTree = "<group>";
		};
		81F12DB527C026CB00850E2F /* Extensions */ = {
			isa = PBXGroup;
			children = (
				81F12DB627C026DA00850E2F /* Color.swift */,
			);
			path = Extensions;
			sourceTree = "<group>";
		};
		81F12DB827C039A800850E2F /* ViewModels */ = {
			isa = PBXGroup;
			children = (
				81F12DB927C039D800850E2F /* ContentModel.swift */,
			);
			path = ViewModels;
			sourceTree = "<group>";
		};
		81F12DBB27C03DCB00850E2F /* Common */ = {
			isa = PBXGroup;
			children = (
				81F12DB327C0260400850E2F /* MultiplicationIcon.swift */,
				81F12DBC27C03DDF00850E2F /* ContinueLabel.swift */,
				81F12DC327C05C4C00850E2F /* LogoTitleView.swift */,
				81F12DC727C05DFD00850E2F /* LevelButton.swift */,
			);
			path = Common;
			sourceTree = "<group>";
		};
		81F12DC027C0411A00850E2F /* Helpers */ = {
			isa = PBXGroup;
			children = (
				81F12DC127C0413100850E2F /* Enums & Structs.swift */,
			);
			path = Helpers;
			sourceTree = "<group>";
		};
/* End PBXGroup section */

/* Begin PBXNativeTarget section */
		81F12D9B27C0186A00850E2F /* Edutainment */ = {
			isa = PBXNativeTarget;
			buildConfigurationList = 81F12DAA27C0186B00850E2F /* Build configuration list for PBXNativeTarget "Edutainment" */;
			buildPhases = (
				81F12D9827C0186A00850E2F /* Sources */,
				81F12D9927C0186A00850E2F /* Frameworks */,
				81F12D9A27C0186A00850E2F /* Resources */,
			);
			buildRules = (
			);
			dependencies = (
			);
			name = Edutainment;
			productName = Edutainment;
			productReference = 81F12D9C27C0186A00850E2F /* Edutainment.app */;
			productType = "com.apple.product-type.application";
		};
/* End PBXNativeTarget section */

/* Begin PBXProject section */
		81F12D9427C0186A00850E2F /* Project object */ = {
			isa = PBXProject;
			attributes = {
				BuildIndependentTargetsInParallel = 1;
				LastSwiftUpdateCheck = 1320;
				LastUpgradeCheck = 1320;
				TargetAttributes = {
					81F12D9B27C0186A00850E2F = {
						CreatedOnToolsVersion = 13.2.1;
					};
				};
			};
			buildConfigurationList = 81F12D9727C0186A00850E2F /* Build configuration list for PBXProject "Edutainment" */;
			compatibilityVersion = "Xcode 13.0";
			developmentRegion = en;
			hasScannedForEncodings = 0;
			knownRegions = (
				en,
				Base,
			);
			mainGroup = 81F12D9327C0186A00850E2F;
			productRefGroup = 81F12D9D27C0186A00850E2F /* Products */;
			projectDirPath = "";
			projectRoot = "";
			targets = (
				81F12D9B27C0186A00850E2F /* Edutainment */,
			);
		};
/* End PBXProject section */

/* Begin PBXResourcesBuildPhase section */
		81F12D9A27C0186A00850E2F /* Resources */ = {
			isa = PBXResourcesBuildPhase;
			buildActionMask = 2147483647;
			files = (
				81F12DA727C0186B00850E2F /* Preview Assets.xcassets in Resources */,
				81F12DA427C0186B00850E2F /* Assets.xcassets in Resources */,
			);
			runOnlyForDeploymentPostprocessing = 0;
		};
/* End PBXResourcesBuildPhase section */

/* Begin PBXSourcesBuildPhase section */
		81F12D9827C0186A00850E2F /* Sources */ = {
			isa = PBXSourcesBuildPhase;
			buildActionMask = 2147483647;
			files = (
				81F12DB027C020C400850E2F /* OnboardingView.swift in Sources */,
				81F12DBD27C03DDF00850E2F /* ContinueLabel.swift in Sources */,
				814510FE27C1522400FB3B4D /* ContentView.swift in Sources */,
				81F12DC627C05D3800850E2F /* LevelSelectionView.swift in Sources */,
				81F12DA027C0186A00850E2F /* EdutainmentApp.swift in Sources */,
				81F12DC427C05C4C00850E2F /* LogoTitleView.swift in Sources */,
				81F12DB427C0260400850E2F /* MultiplicationIcon.swift in Sources */,
				81F12DB727C026DA00850E2F /* Color.swift in Sources */,
				81F12DBA27C039D800850E2F /* ContentModel.swift in Sources */,
				81F12DB227C0218B00850E2F /* MultiplicationSelectionView.swift in Sources */,
				81F12DC827C05DFD00850E2F /* LevelButton.swift in Sources */,
				814510F927C14D4A00FB3B4D /* SortNumbersView.swift in Sources */,
				81F12DC227C0413100850E2F /* Enums & Structs.swift in Sources */,
			);
			runOnlyForDeploymentPostprocessing = 0;
		};
/* End PBXSourcesBuildPhase section */

/* Begin XCBuildConfiguration section */
		81F12DA827C0186B00850E2F /* Debug */ = {
			isa = XCBuildConfiguration;
			buildSettings = {
				ALWAYS_SEARCH_USER_PATHS = NO;
				CLANG_ANALYZER_NONNULL = YES;
				CLANG_ANALYZER_NUMBER_OBJECT_CONVERSION = YES_AGGRESSIVE;
				CLANG_CXX_LANGUAGE_STANDARD = "gnu++17";
				CLANG_CXX_LIBRARY = "libc++";
				CLANG_ENABLE_MODULES = YES;
				CLANG_ENABLE_OBJC_ARC = YES;
				CLANG_ENABLE_OBJC_WEAK = YES;
				CLANG_WARN_BLOCK_CAPTURE_AUTORELEASING = YES;
				CLANG_WARN_BOOL_CONVERSION = YES;
				CLANG_WARN_COMMA = YES;
				CLANG_WARN_CONSTANT_CONVERSION = YES;
				CLANG_WARN_DEPRECATED_OBJC_IMPLEMENTATIONS = YES;
				CLANG_WARN_DIRECT_OBJC_ISA_USAGE = YES_ERROR;
				CLANG_WARN_DOCUMENTATION_COMMENTS = YES;
				CLANG_WARN_EMPTY_BODY = YES;
				CLANG_WARN_ENUM_CONVERSION = YES;
				CLANG_WARN_INFINITE_RECURSION = YES;
				CLANG_WARN_INT_CONVERSION = YES;
				CLANG_WARN_NON_LITERAL_NULL_CONVERSION = YES;
				CLANG_WARN_OBJC_IMPLICIT_RETAIN_SELF = YES;
				CLANG_WARN_OBJC_LITERAL_CONVERSION = YES;
				CLANG_WARN_OBJC_ROOT_CLASS = YES_ERROR;
				CLANG_WARN_QUOTED_INCLUDE_IN_FRAMEWORK_HEADER = YES;
				CLANG_WARN_RANGE_LOOP_ANALYSIS = YES;
				CLANG_WARN_STRICT_PROTOTYPES = YES;
				CLANG_WARN_SUSPICIOUS_MOVE = YES;
				CLANG_WARN_UNGUARDED_AVAILABILITY = YES_AGGRESSIVE;
				CLANG_WARN_UNREACHABLE_CODE = YES;
				CLANG_WARN__DUPLICATE_METHOD_MATCH = YES;
				COPY_PHASE_STRIP = NO;
				DEBUG_INFORMATION_FORMAT = dwarf;
				ENABLE_STRICT_OBJC_MSGSEND = YES;
				ENABLE_TESTABILITY = YES;
				GCC_C_LANGUAGE_STANDARD = gnu11;
				GCC_DYNAMIC_NO_PIC = NO;
				GCC_NO_COMMON_BLOCKS = YES;
				GCC_OPTIMIZATION_LEVEL = 0;
				GCC_PREPROCESSOR_DEFINITIONS = (
					"DEBUG=1",
					"$(inherited)",
				);
				GCC_WARN_64_TO_32_BIT_CONVERSION = YES;
				GCC_WARN_ABOUT_RETURN_TYPE = YES_ERROR;
				GCC_WARN_UNDECLARED_SELECTOR = YES;
				GCC_WARN_UNINITIALIZED_AUTOS = YES_AGGRESSIVE;
				GCC_WARN_UNUSED_FUNCTION = YES;
				GCC_WARN_UNUSED_VARIABLE = YES;
				IPHONEOS_DEPLOYMENT_TARGET = 15.2;
				MTL_ENABLE_DEBUG_INFO = INCLUDE_SOURCE;
				MTL_FAST_MATH = YES;
				ONLY_ACTIVE_ARCH = YES;
				SDKROOT = iphoneos;
				SWIFT_ACTIVE_COMPILATION_CONDITIONS = DEBUG;
				SWIFT_OPTIMIZATION_LEVEL = "-Onone";
			};
			name = Debug;
		};
		81F12DA927C0186B00850E2F /* Release */ = {
			isa = XCBuildConfiguration;
			buildSettings = {
				ALWAYS_SEARCH_USER_PATHS = NO;
				CLANG_ANALYZER_NONNULL = YES;
				CLANG_ANALYZER_NUMBER_OBJECT_CONVERSION = YES_AGGRESSIVE;
				CLANG_CXX_LANGUAGE_STANDARD = "gnu++17";
				CLANG_CXX_LIBRARY = "libc++";
				CLANG_ENABLE_MODULES = YES;
				CLANG_ENABLE_OBJC_ARC = YES;
				CLANG_ENABLE_OBJC_WEAK = YES;
				CLANG_WARN_BLOCK_CAPTURE_AUTORELEASING = YES;
				CLANG_WARN_BOOL_CONVERSION = YES;
				CLANG_WARN_COMMA = YES;
				CLANG_WARN_CONSTANT_CONVERSION = YES;
				CLANG_WARN_DEPRECATED_OBJC_IMPLEMENTATIONS = YES;
				CLANG_WARN_DIRECT_OBJC_ISA_USAGE = YES_ERROR;
				CLANG_WARN_DOCUMENTATION_COMMENTS = YES;
				CLANG_WARN_EMPTY_BODY = YES;
				CLANG_WARN_ENUM_CONVERSION = YES;
				CLANG_WARN_INFINITE_RECURSION = YES;
				CLANG_WARN_INT_CONVERSION = YES;
				CLANG_WARN_NON_LITERAL_NULL_CONVERSION = YES;
				CLANG_WARN_OBJC_IMPLICIT_RETAIN_SELF = YES;
				CLANG_WARN_OBJC_LITERAL_CONVERSION = YES;
				CLANG_WARN_OBJC_ROOT_CLASS = YES_ERROR;
				CLANG_WARN_QUOTED_INCLUDE_IN_FRAMEWORK_HEADER = YES;
				CLANG_WARN_RANGE_LOOP_ANALYSIS = YES;
				CLANG_WARN_STRICT_PROTOTYPES = YES;
				CLANG_WARN_SUSPICIOUS_MOVE = YES;
				CLANG_WARN_UNGUARDED_AVAILABILITY = YES_AGGRESSIVE;
				CLANG_WARN_UNREACHABLE_CODE = YES;
				CLANG_WARN__DUPLICATE_METHOD_MATCH = YES;
				COPY_PHASE_STRIP = NO;
				DEBUG_INFORMATION_FORMAT = "dwarf-with-dsym";
				ENABLE_NS_ASSERTIONS = NO;
				ENABLE_STRICT_OBJC_MSGSEND = YES;
				GCC_C_LANGUAGE_STANDARD = gnu11;
				GCC_NO_COMMON_BLOCKS = YES;
				GCC_WARN_64_TO_32_BIT_CONVERSION = YES;
				GCC_WARN_ABOUT_RETURN_TYPE = YES_ERROR;
				GCC_WARN_UNDECLARED_SELECTOR = YES;
				GCC_WARN_UNINITIALIZED_AUTOS = YES_AGGRESSIVE;
				GCC_WARN_UNUSED_FUNCTION = YES;
				GCC_WARN_UNUSED_VARIABLE = YES;
				IPHONEOS_DEPLOYMENT_TARGET = 15.2;
				MTL_ENABLE_DEBUG_INFO = NO;
				MTL_FAST_MATH = YES;
				SDKROOT = iphoneos;
				SWIFT_COMPILATION_MODE = wholemodule;
				SWIFT_OPTIMIZATION_LEVEL = "-O";
				VALIDATE_PRODUCT = YES;
			};
			name = Release;
		};
		81F12DAB27C0186B00850E2F /* Debug */ = {
			isa = XCBuildConfiguration;
			buildSettings = {
				ASSETCATALOG_COMPILER_APPICON_NAME = AppIcon;
				ASSETCATALOG_COMPILER_GLOBAL_ACCENT_COLOR_NAME = AccentColor;
				CODE_SIGN_STYLE = Automatic;
				CURRENT_PROJECT_VERSION = 1;
				DEVELOPMENT_ASSET_PATHS = "\"Edutainment/Preview Content\"";
				DEVELOPMENT_TEAM = 8RKLM75R2Q;
				ENABLE_PREVIEWS = YES;
				GENERATE_INFOPLIST_FILE = YES;
				INFOPLIST_KEY_UIApplicationSceneManifest_Generation = YES;
				INFOPLIST_KEY_UIApplicationSupportsIndirectInputEvents = YES;
				INFOPLIST_KEY_UILaunchScreen_Generation = YES;
				INFOPLIST_KEY_UISupportedInterfaceOrientations = UIInterfaceOrientationPortrait;
				INFOPLIST_KEY_UISupportedInterfaceOrientations_iPad = "UIInterfaceOrientationPortrait UIInterfaceOrientationPortraitUpsideDown UIInterfaceOrientationLandscapeLeft UIInterfaceOrientationLandscapeRight";
				INFOPLIST_KEY_UISupportedInterfaceOrientations_iPhone = "UIInterfaceOrientationPortrait UIInterfaceOrientationLandscapeLeft UIInterfaceOrientationLandscapeRight";
				IPHONEOS_DEPLOYMENT_TARGET = 15.0;
				LD_RUNPATH_SEARCH_PATHS = (
					"$(inherited)",
					"@executable_path/Frameworks",
				);
				MARKETING_VERSION = 1.0;
				PRODUCT_BUNDLE_IDENTIFIER = com.andresraigoza.Edutainment;
				PRODUCT_NAME = "$(TARGET_NAME)";
				SWIFT_EMIT_LOC_STRINGS = YES;
				SWIFT_VERSION = 5.0;
				TARGETED_DEVICE_FAMILY = 1;
			};
			name = Debug;
		};
		81F12DAC27C0186B00850E2F /* Release */ = {
			isa = XCBuildConfiguration;
			buildSettings = {
				ASSETCATALOG_COMPILER_APPICON_NAME = AppIcon;
				ASSETCATALOG_COMPILER_GLOBAL_ACCENT_COLOR_NAME = AccentColor;
				CODE_SIGN_STYLE = Automatic;
				CURRENT_PROJECT_VERSION = 1;
				DEVELOPMENT_ASSET_PATHS = "\"Edutainment/Preview Content\"";
				DEVELOPMENT_TEAM = 8RKLM75R2Q;
				ENABLE_PREVIEWS = YES;
				GENERATE_INFOPLIST_FILE = YES;
				INFOPLIST_KEY_UIApplicationSceneManifest_Generation = YES;
				INFOPLIST_KEY_UIApplicationSupportsIndirectInputEvents = YES;
				INFOPLIST_KEY_UILaunchScreen_Generation = YES;
				INFOPLIST_KEY_UISupportedInterfaceOrientations = UIInterfaceOrientationPortrait;
				INFOPLIST_KEY_UISupportedInterfaceOrientations_iPad = "UIInterfaceOrientationPortrait UIInterfaceOrientationPortraitUpsideDown UIInterfaceOrientationLandscapeLeft UIInterfaceOrientationLandscapeRight";
				INFOPLIST_KEY_UISupportedInterfaceOrientations_iPhone = "UIInterfaceOrientationPortrait UIInterfaceOrientationLandscapeLeft UIInterfaceOrientationLandscapeRight";
				IPHONEOS_DEPLOYMENT_TARGET = 15.0;
				LD_RUNPATH_SEARCH_PATHS = (
					"$(inherited)",
					"@executable_path/Frameworks",
				);
				MARKETING_VERSION = 1.0;
				PRODUCT_BUNDLE_IDENTIFIER = com.andresraigoza.Edutainment;
				PRODUCT_NAME = "$(TARGET_NAME)";
				SWIFT_EMIT_LOC_STRINGS = YES;
				SWIFT_VERSION = 5.0;
				TARGETED_DEVICE_FAMILY = 1;
			};
			name = Release;
		};
/* End XCBuildConfiguration section */

/* Begin XCConfigurationList section */
		81F12D9727C0186A00850E2F /* Build configuration list for PBXProject "Edutainment" */ = {
			isa = XCConfigurationList;
			buildConfigurations = (
				81F12DA827C0186B00850E2F /* Debug */,
				81F12DA927C0186B00850E2F /* Release */,
			);
			defaultConfigurationIsVisible = 0;
			defaultConfigurationName = Release;
		};
		81F12DAA27C0186B00850E2F /* Build configuration list for PBXNativeTarget "Edutainment" */ = {
			isa = XCConfigurationList;
			buildConfigurations = (
				81F12DAB27C0186B00850E2F /* Debug */,
				81F12DAC27C0186B00850E2F /* Release */,
			);
			defaultConfigurationIsVisible = 0;
			defaultConfigurationName = Release;
		};
/* End XCConfigurationList section */
	};
	rootObject = 81F12D9427C0186A00850E2F /* Project object */;
}
